
Microsoft Visual Studio Solution File, Format Version 12.00
# Visual Studio 14
VisualStudioVersion = 14.0.25123.0
MinimumVisualStudioVersion = 10.0.40219.1
Project("{FAE04EC0-301F-11D3-BF4B-00C04F79EFBC}") = "WebApplication1", "WebApplication1\WebApplication1.csproj", "{BB5F6D19-9778-4CDD-93BF-0766678971CA}"
EndProject
Project("{2150E333-8FDC-42A3-9474-1A3956D46DE8}") = "PublishScripts", "PublishScripts", "{0AAA3DC1-C89A-42EE-ABCE-4B3FCF57EC3B}"
EndProject
Project("{2150E333-8FDC-42A3-9474-1A3956D46DE8}") = "Scripts", "Scripts", "{61E38FEA-314A-40DF-A9B2-B7DDAEBF9046}"
	ProjectSection(SolutionItems) = preProject
		PublishScripts\Scripts\Deploy-AzureResourceGroup.ps1 = PublishScripts\Scripts\Deploy-AzureResourceGroup.ps1
	EndProjectSection
EndProject
Project("{2150E333-8FDC-42A3-9474-1A3956D46DE8}") = "Templates", "Templates", "{00562E04-FCDC-485A-817E-7DA486173610}"
	ProjectSection(SolutionItems) = preProject
		PublishScripts\Templates\WebApplication1.json = PublishScripts\Templates\WebApplication1.json
		PublishScripts\Templates\WebApplication1.param.dev.json = PublishScripts\Templates\WebApplication1.param.dev.json
	EndProjectSection
EndProject
Global
	GlobalSection(SolutionConfigurationPlatforms) = preSolution
		Debug|Any CPU = Debug|Any CPU
		Release|Any CPU = Release|Any CPU
	EndGlobalSection
	GlobalSection(ProjectConfigurationPlatforms) = postSolution
		{BB5F6D19-9778-4CDD-93BF-0766678971CA}.Debug|Any CPU.ActiveCfg = Debug|Any CPU
		{BB5F6D19-9778-4CDD-93BF-0766678971CA}.Debug|Any CPU.Build.0 = Debug|Any CPU
		{BB5F6D19-9778-4CDD-93BF-0766678971CA}.Release|Any CPU.ActiveCfg = Release|Any CPU
		{BB5F6D19-9778-4CDD-93BF-0766678971CA}.Release|Any CPU.Build.0 = Release|Any CPU
	EndGlobalSection
	GlobalSection(SolutionProperties) = preSolution
		HideSolutionNode = FALSE
	EndGlobalSection
	GlobalSection(NestedProjects) = preSolution
		{61E38FEA-314A-40DF-A9B2-B7DDAEBF9046} = {0AAA3DC1-C89A-42EE-ABCE-4B3FCF57EC3B}
		{00562E04-FCDC-485A-817E-7DA486173610} = {0AAA3DC1-C89A-42EE-ABCE-4B3FCF57EC3B}
	EndGlobalSection
EndGlobal
